dependencies:
- name: arete-cli
  repository: file://./../arete-cli
  version: 0.2.0
- name: arete-etcd
  repository: file://./../arete-etcd
  version: 0.2.0
- name: arete-orchestrator
  repository: file://./../arete-orchestrator
  version: 0.1.0
digest: sha256:550764095543b6d0eadf76af69b62afe06076cff5cc1f31d392fd5efd5b45059
generated: "2026-06-27T17:32:35.733098676-07:00"
